// !$*UTF8*$!
{
	archiveVersion = 1;
	classes = {
	};
	objectVersion = 50;
	objects = {

/* Begin PBXBuildFile section */
		5C0AD77B27233E8100F731E2 /* AppDelegate.swift in Sources */ = {isa = PBXBuildFile; fileRef = 5C0AD77A27233E8100F731E2 /* AppDelegate.swift */; };
		5C0AD77D27233E8100F731E2 /* SceneDelegate.swift in Sources */ = {isa = PBXBuildFile; fileRef = 5C0AD77C27233E8100F731E2 /* SceneDelegate.swift */; };
		5C0AD77F27233E8100F731E2 /* ViewController.swift in Sources */ = {isa = PBXBuildFile; fileRef = 5C0AD77E27233E8100F731E2 /* ViewController.swift */; };
		5C0AD78227233E8100F731E2 /* Main.storyboard in Resources */ = {isa = PBXBuildFile; fileRef = 5C0AD78027233E8100F731E2 /* Main.storyboard */; };
		5C0AD78527233E8100F731E2 /* MAPD714_Assignment1.xcdatamodeld in Sources */ = {isa = PBXBuildFile; fileRef = 5C0AD78327233E8100F731E2 /* MAPD714_Assignment1.xcdatamodeld */; };
		5C0AD78727233E8400F731E2 /* Assets.xcassets in Resources */ = {isa = PBXBuildFile; fileRef = 5C0AD78627233E8400F731E2 /* Assets.xcassets */; };
		5C0AD78A27233E8400F731E2 /* LaunchScreen.storyboard in Resources */ = {isa = PBXBuildFile; fileRef = 5C0AD78827233E8400F731E2 /* LaunchScreen.storyboard */; };
		5C0AD79527233E8400F731E2 /* MAPD714_Assignment1Tests.swift in Sources */ = {isa = PBXBuildFile; fileRef = 5C0AD79427233E8400F731E2 /* MAPD714_Assignment1Tests.swift */; };
		5C0AD7A027233E8400F731E2 /* MAPD714_Assignment1UITests.swift in Sources */ = {isa = PBXBuildFile; fileRef = 5C0AD79F27233E8400F731E2 /* MAPD714_Assignment1UITests.swift */; };
/* End PBXBuildFile section */

/* Begin PBXContainerItemProxy section */
		5C0AD79127233E8400F731E2 /* PBXContainerItemProxy */ = {
			isa = PBXContainerItemProxy;
			containerPortal = 5C0AD76F27233E8100F731E2 /* Project object */;
			proxyType = 1;
			remoteGlobalIDString = 5C0AD77627233E8100F731E2;
			remoteInfo = MAPD714_Assignment1;
		};
		5C0AD79C27233E8400F731E2 /* PBXContainerItemProxy */ = {
			isa = PBXContainerItemProxy;
			containerPortal = 5C0AD76F27233E8100F731E2 /* Project object */;
			proxyType = 1;
			remoteGlobalIDString = 5C0AD77627233E8100F731E2;
			remoteInfo = MAPD714_Assignment1;
		};
/* End PBXContainerItemProxy section */

/* Begin PBXFileReference section */
		5C0AD77727233E8100F731E2 /* MAPD714_Assignment1.app */ = {isa = PBXFileReference; explicitFileType = wrapper.application; includeInIndex = 0; path = MAPD714_Assignment1.app; sourceTree = BUILT_PRODUCTS_DIR; };
		5C0AD77A27233E8100F731E2 /* AppDelegate.swift */ = {isa = PBXFileReference; lastKnownFileType = sourcecode.swift; path = AppDelegate.swift; sourceTree = "<group>"; };
		5C0AD77C27233E8100F731E2 /* SceneDelegate.swift */ = {isa = PBXFileReference; lastKnownFileType = sourcecode.swift; path = SceneDelegate.swift; sourceTree = "<group>"; };
		5C0AD77E27233E8100F731E2 /* ViewController.swift */ = {isa = PBXFileReference; lastKnownFileType = sourcecode.swift; path = ViewController.swift; sourceTree = "<group>"; };
		5C0AD78127233E8100F731E2 /* Base */ = {isa = PBXFileReference; lastKnownFileType = file.storyboard; name = Base; path = Base.lproj/Main.storyboard; sourceTree = "<group>"; };
		5C0AD78427233E8100F731E2 /* MAPD714_Assignment1.xcdatamodel */ = {isa = PBXFileReference; lastKnownFileType = wrapper.xcdatamodel; path = MAPD714_Assignment1.xcdatamodel; sourceTree = "<group>"; };
		5C0AD78627233E8400F731E2 /* Assets.xcassets */ = {isa = PBXFileReference; lastKnownFileType = folder.assetcatalog; path = Assets.xcassets; sourceTree = "<group>"; };
		5C0AD78927233E8400F731E2 /* Base */ = {isa = PBXFileReference; lastKnownFileType = file.storyboard; name = Base; path = Base.lproj/LaunchScreen.storyboard; sourceTree = "<group>"; };
		5C0AD78B27233E8400F731E2 /* Info.plist */ = {isa = PBXFileReference; lastKnownFileType = text.plist.xml; path = Info.plist; sourceTree = "<group>"; };
		5C0AD79027233E8400F731E2 /* MAPD714_Assignment1Tests.xctest */ = {isa = PBXFileReference; explicitFileType = wrapper.cfbundle; includeInIndex = 0; path = MAPD714_Assignment1Tests.xctest; sourceTree = BUILT_PRODUCTS_DIR; };
		5C0AD79427233E8400F731E2 /* MAPD714_Assignment1Tests.swift */ = {isa = PBXFileReference; lastKnownFileType = sourcecode.swift; path = MAPD714_Assignment1Tests.swift; sourceTree = "<group>"; };
		5C0AD79627233E8400F731E2 /* Info.plist */ = {isa = PBXFileReference; lastKnownFileType = text.plist.xml; path = Info.plist; sourceTree = "<group>"; };
		5C0AD79B27233E8400F731E2 /* MAPD714_Assignment1UITests.xctest */ = {isa = PBXFileReference; explicitFileType = wrapper.cfbundle; includeInIndex = 0; path = MAPD714_Assignment1UITests.xctest; sourceTree = BUILT_PRODUCTS_DIR; };
		5C0AD79F27233E8400F731E2 /* MAPD714_Assignment1UITests.swift */ = {isa = PBXFileReference; lastKnownFileType = sourcecode.swift; path = MAPD714_Assignment1UITests.swift; sourceTree = "<group>"; };
		5C0AD7A127233E8400F731E2 /* Info.plist */ = {isa = PBXFileReference; lastKnownFileType = text.plist.xml; path = Info.plist; sourceTree = "<group>"; };
/* End PBXFileReference section */

/* Begin PBXFrameworksBuildPhase section */
		5C0AD77427233E8100F731E2 /* Frameworks */ = {
			isa = PBXFrameworksBuildPhase;
			buildActionMask = 2147483647;
			files = (
			);
			runOnlyForDeploymentPostprocessing = 0;
		};
		5C0AD78D27233E8400F731E2 /* Frameworks */ = {
			isa = PBXFrameworksBuildPhase;
			buildActionMask = 2147483647;
			files = (
			);
			runOnlyForDeploymentPostprocessing = 0;
		};
		5C0AD79827233E8400F731E2 /* Frameworks */ = {
			isa = PBXFrameworksBuildPhase;
			buildActionMask = 2147483647;
			files = (
			);
			runOnlyForDeploymentPostprocessing = 0;
		};
/* End PBXFrameworksBuildPhase section */

/* Begin PBXGroup section */
		5C0AD76E27233E8100F731E2 = {
			isa = PBXGroup;
			children = (
				5C0AD77927233E8100F731E2 /* MAPD714_Assignment1 */,
				5C0AD79327233E8400F731E2 /* MAPD714_Assignment1Tests */,
				5C0AD79E27233E8400F731E2 /* MAPD714_Assignment1UITests */,
				5C0AD77827233E8100F731E2 /* Products */,
			);
			sourceTree = "<group>";
		};
		5C0AD77827233E8100F731E2 /* Products */ = {
			isa = PBXGroup;
			children = (
				5C0AD77727233E8100F731E2 /* MAPD714_Assignment1.app */,
				5C0AD79027233E8400F731E2 /* MAPD714_Assignment1Tests.xctest */,
				5C0AD79B27233E8400F731E2 /* MAPD714_Assignment1UITests.xctest */,
			);
			name = Products;
			sourceTree = "<group>";
		};
		5C0AD77927233E8100F731E2 /* MAPD714_Assignment1 */ = {
			isa = PBXGroup;
			children = (
				5C0AD77A27233E8100F731E2 /* AppDelegate.swift */,
				5C0AD77C27233E8100F731E2 /* SceneDelegate.swift */,
				5C0AD77E27233E8100F731E2 /* ViewController.swift */,
				5C0AD78027233E8100F731E2 /* Main.storyboard */,
				5C0AD78627233E8400F731E2 /* Assets.xcassets */,
				5C0AD78827233E8400F731E2 /* LaunchScreen.storyboard */,
				5C0AD78B27233E8400F731E2 /* Info.plist */,
				5C0AD78327233E8100F731E2 /* MAPD714_Assignment1.xcdatamodeld */,
			);
			path = MAPD714_Assignment1;
			sourceTree = "<group>";
		};
		5C0AD79327233E8400F731E2 /* MAPD714_Assignment1Tests */ = {
			isa = PBXGroup;
			children = (
				5C0AD79427233E8400F731E2 /* MAPD714_Assignment1Tests.swift */,
				5C0AD79627233E8400F731E2 /* Info.plist */,
			);
			path = MAPD714_Assignment1Tests;
			sourceTree = "<group>";
		};
		5C0AD79E27233E8400F731E2 /* MAPD714_Assignment1UITests */ = {
			isa = PBXGroup;
			children = (
				5C0AD79F27233E8400F731E2 /* MAPD714_Assignment1UITests.swift */,
				5C0AD7A127233E8400F731E2 /* Info.plist */,
			);
			path = MAPD714_Assignment1UITests;
			sourceTree = "<group>";
		};
/* End PBXGroup section */

/* Begin PBXNativeTarget section */
		5C0AD77627233E8100F731E2 /* MAPD714_Assignment1 */ = {
			isa = PBXNativeTarget;
			buildConfigurationList = 5C0AD7A427233E8400F731E2 /* Build configuration list for PBXNativeTarget "MAPD714_Assignment1" */;
			buildPhases = (
				5C0AD77327233E8100F731E2 /* Sources */,
				5C0AD77427233E8100F731E2 /* Frameworks */,
				5C0AD77527233E8100F731E2 /* Resources */,
			);
			buildRules = (
			);
			dependencies = (
			);
			name = MAPD714_Assignment1;
			productName = MAPD714_Assignment1;
			productReference = 5C0AD77727233E8100F731E2 /* MAPD714_Assignment1.app */;
			productType = "com.apple.product-type.application";
		};
		5C0AD78F27233E8400F731E2 /* MAPD714_Assignment1Tests */ = {
			isa = PBXNativeTarget;
			buildConfigurationList = 5C0AD7A727233E8400F731E2 /* Build configuration list for PBXNativeTarget "MAPD714_Assignment1Tests" */;
			buildPhases = (
				5C0AD78C27233E8400F731E2 /* Sources */,
				5C0AD78D27233E8400F731E2 /* Frameworks */,
				5C0AD78E27233E8400F731E2 /* Resources */,
			);
			buildRules = (
			);
			dependencies = (
				5C0AD79227233E8400F731E2 /* PBXTargetDependency */,
			);
			name = MAPD714_Assignment1Tests;
			productName = MAPD714_Assignment1Tests;
			productReference = 5C0AD79027233E8400F731E2 /* MAPD714_Assignment1Tests.xctest */;
			productType = "com.apple.product-type.bundle.unit-test";
		};
		5C0AD79A27233E8400F731E2 /* MAPD714_Assignment1UITests */ = {
			isa = PBXNativeTarget;
			buildConfigurationList = 5C0AD7AA27233E8400F731E2 /* Build configuration list for PBXNativeTarget "MAPD714_Assignment1UITests" */;
			buildPhases = (
				5C0AD79727233E8400F731E2 /* Sources */,
				5C0AD79827233E8400F731E2 /* Frameworks */,
				5C0AD79927233E8400F731E2 /* Resources */,
			);
			buildRules = (
			);
			dependencies = (
				5C0AD79D27233E8400F731E2 /* PBXTargetDependency */,
			);
			name = MAPD714_Assignment1UITests;
			productName = MAPD714_Assignment1UITests;
			productReference = 5C0AD79B27233E8400F731E2 /* MAPD714_Assignment1UITests.xctest */;
			productType = "com.apple.product-type.bundle.ui-testing";
		};
/* End PBXNativeTarget section */

/* Begin PBXProject section */
		5C0AD76F27233E8100F731E2 /* Project object */ = {
			isa = PBXProject;
			attributes = {
				LastSwiftUpdateCheck = 1240;
				LastUpgradeCheck = 1240;
				TargetAttributes = {
					5C0AD77627233E8100F731E2 = {
						CreatedOnToolsVersion = 12.4;
					};
					5C0AD78F27233E8400F731E2 = {
						CreatedOnToolsVersion = 12.4;
						TestTargetID = 5C0AD77627233E8100F731E2;
					};
					5C0AD79A27233E8400F731E2 = {
						CreatedOnToolsVersion = 12.4;
						TestTargetID = 5C0AD77627233E8100F731E2;
					};
				};
			};
			buildConfigurationList = 5C0AD77227233E8100F731E2 /* Build configuration list for PBXProject "MAPD714_Assignment1" */;
			compatibilityVersion = "Xcode 9.3";
			developmentRegion = en;
			hasScannedForEncodings = 0;
			knownRegions = (
				en,
				Base,
			);
			mainGroup = 5C0AD76E27233E8100F731E2;
			productRefGroup = 5C0AD77827233E8100F731E2 /* Products */;
			projectDirPath = "";
			projectRoot = "";
			targets = (
				5C0AD77627233E8100F731E2 /* MAPD714_Assignment1 */,
				5C0AD78F27233E8400F731E2 /* MAPD714_Assignment1Tests */,
				5C0AD79A27233E8400F731E2 /* MAPD714_Assignment1UITests */,
			);
		};
/* End PBXProject section */

/* Begin PBXResourcesBuildPhase section */
		5C0AD77527233E8100F731E2 /* Resources */ = {
			isa = PBXResourcesBuildPhase;
			buildActionMask = 2147483647;
			files = (
				5C0AD78A27233E8400F731E2 /* LaunchScreen.storyboard in Resources */,
				5C0AD78727233E8400F731E2 /* Assets.xcassets in Resources */,
				5C0AD78227233E8100F731E2 /* Main.storyboard in Resources */,
			);
			runOnlyForDeploymentPostprocessing = 0;
		};
		5C0AD78E27233E8400F731E2 /* Resources */ = {
			isa = PBXResourcesBuildPhase;
			buildActionMask = 2147483647;
			files = (
			);
			runOnlyForDeploymentPostprocessing = 0;
		};
		5C0AD79927233E8400F731E2 /* Resources */ = {
			isa = PBXResourcesBuildPhase;
			buildActionMask = 2147483647;
			files = (
			);
			runOnlyForDeploymentPostprocessing = 0;
		};
/* End PBXResourcesBuildPhase section */

/* Begin PBXSourcesBuildPhase section */
		5C0AD77327233E8100F731E2 /* Sources */ = {
			isa = PBXSourcesBuildPhase;
			buildActionMask = 2147483647;
			files = (
				5C0AD77F27233E8100F731E2 /* ViewController.swift in Sources */,
				5C0AD77B27233E8100F731E2 /* AppDelegate.swift in Sources */,
				5C0AD78527233E8100F731E2 /* MAPD714_Assignment1.xcdatamodeld in Sources */,
				5C0AD77D27233E8100F731E2 /* SceneDelegate.swift in Sources */,
			);
			runOnlyForDeploymentPostprocessing = 0;
		};
		5C0AD78C27233E8400F731E2 /* Sources */ = {
			isa = PBXSourcesBuildPhase;
			buildActionMask = 2147483647;
			files = (
				5C0AD79527233E8400F731E2 /* MAPD714_Assignment1Tests.swift in Sources */,
			);
			runOnlyForDeploymentPostprocessing = 0;
		};
		5C0AD79727233E8400F731E2 /* Sources */ = {
			isa = PBXSourcesBuildPhase;
			buildActionMask = 2147483647;
			files = (
				5C0AD7A027233E8400F731E2 /* MAPD714_Assignment1UITests.swift in Sources */,
			);
			runOnlyForDeploymentPostprocessing = 0;
		};
/* End PBXSourcesBuildPhase section */

/* Begin PBXTargetDependency section */
		5C0AD79227233E8400F731E2 /* PBXTargetDependency */ = {
			isa = PBXTargetDependency;
			target = 5C0AD77627233E8100F731E2 /* MAPD714_Assignment1 */;
			targetProxy = 5C0AD79127233E8400F731E2 /* PBXContainerItemProxy */;
		};
		5C0AD79D27233E8400F731E2 /* PBXTargetDependency */ = {
			isa = PBXTargetDependency;
			target = 5C0AD77627233E8100F731E2 /* MAPD714_Assignment1 */;
			targetProxy = 5C0AD79C27233E8400F731E2 /* PBXContainerItemProxy */;
		};
/* End PBXTargetDependency section */

/* Begin PBXVariantGroup section */
		5C0AD78027233E8100F731E2 /* Main.storyboard */ = {
			isa = PBXVariantGroup;
			children = (
				5C0AD78127233E8100F731E2 /* Base */,
			);
			name = Main.storyboard;
			sourceTree = "<group>";
		};
		5C0AD78827233E8400F731E2 /* LaunchScreen.storyboard */ = {
			isa = PBXVariantGroup;
			children = (
				5C0AD78927233E8400F731E2 /* Base */,
			);
			name = LaunchScreen.storyboard;
			sourceTree = "<group>";
		};
/* End PBXVariantGroup section */

/* Begin XCBuildConfiguration section */
		5C0AD7A227233E8400F731E2 /* Debug */ = {
			isa = XCBuildConfiguration;
			buildSettings = {
				ALWAYS_SEARCH_USER_PATHS = NO;
				CLANG_ANALYZER_NONNULL = YES;
				CLANG_ANALYZER_NUMBER_OBJECT_CONVERSION = YES_AGGRESSIVE;
				CLANG_CXX_LANGUAGE_STANDARD = "gnu++14";
				CLANG_CXX_LIBRARY = "libc++";
				CLANG_ENABLE_MODULES = YES;
				CLANG_ENABLE_OBJC_ARC = YES;
				CLANG_ENABLE_OBJC_WEAK = YES;
				CLANG_WARN_BLOCK_CAPTURE_AUTORELEASING = YES;
				CLANG_WARN_BOOL_CONVERSION = YES;
				CLANG_WARN_COMMA = YES;
				CLANG_WARN_CONSTANT_CONVERSION = YES;
				CLANG_WARN_DEPRECATED_OBJC_IMPLEMENTATIONS = YES;
				CLANG_WARN_DIRECT_OBJC_ISA_USAGE = YES_ERROR;
				CLANG_WARN_DOCUMENTATION_COMMENTS = YES;
				CLANG_WARN_EMPTY_BODY = YES;
				CLANG_WARN_ENUM_CONVERSION = YES;
				CLANG_WARN_INFINITE_RECURSION = YES;
				CLANG_WARN_INT_CONVERSION = YES;
				CLANG_WARN_NON_LITERAL_NULL_CONVERSION = YES;
				CLANG_WARN_OBJC_IMPLICIT_RETAIN_SELF = YES;
				CLANG_WARN_OBJC_LITERAL_CONVERSION = YES;
				CLANG_WARN_OBJC_ROOT_CLASS = YES_ERROR;
				CLANG_WARN_QUOTED_INCLUDE_IN_FRAMEWORK_HEADER = YES;
				CLANG_WARN_RANGE_LOOP_ANALYSIS = YES;
				CLANG_WARN_STRICT_PROTOTYPES = YES;
				CLANG_WARN_SUSPICIOUS_MOVE = YES;
				CLANG_WARN_UNGUARDED_AVAILABILITY = YES_AGGRESSIVE;
				CLANG_WARN_UNREACHABLE_CODE = YES;
				CLANG_WARN__DUPLICATE_METHOD_MATCH = YES;
				COPY_PHASE_STRIP = NO;
				DEBUG_INFORMATION_FORMAT = dwarf;
				ENABLE_STRICT_OBJC_MSGSEND = YES;
				ENABLE_TESTABILITY = YES;
				GCC_C_LANGUAGE_STANDARD = gnu11;
				GCC_DYNAMIC_NO_PIC = NO;
				GCC_NO_COMMON_BLOCKS = YES;
				GCC_OPTIMIZATION_LEVEL = 0;
				GCC_PREPROCESSOR_DEFINITIONS = (
					"DEBUG=1",
					"$(inherited)",
				);
				GCC_WARN_64_TO_32_BIT_CONVERSION = YES;
				GCC_WARN_ABOUT_RETURN_TYPE = YES_ERROR;
				GCC_WARN_UNDECLARED_SELECTOR = YES;
				GCC_WARN_UNINITIALIZED_AUTOS = YES_AGGRESSIVE;
				GCC_WARN_UNUSED_FUNCTION = YES;
				GCC_WARN_UNUSED_VARIABLE = YES;
				IPHONEOS_DEPLOYMENT_TARGET = 14.4;
				MTL_ENABLE_DEBUG_INFO = INCLUDE_SOURCE;
				MTL_FAST_MATH = YES;
				ONLY_ACTIVE_ARCH = YES;
				SDKROOT = iphoneos;
				SWIFT_ACTIVE_COMPILATION_CONDITIONS = DEBUG;
				SWIFT_OPTIMIZATION_LEVEL = "-Onone";
			};
			name = Debug;
		};
		5C0AD7A327233E8400F731E2 /* Release */ = {
			isa = XCBuildConfiguration;
			buildSettings = {
				ALWAYS_SEARCH_USER_PATHS = NO;
				CLANG_ANALYZER_NONNULL = YES;
				CLANG_ANALYZER_NUMBER_OBJECT_CONVERSION = YES_AGGRESSIVE;
				CLANG_CXX_LANGUAGE_STANDARD = "gnu++14";
				CLANG_CXX_LIBRARY = "libc++";
				CLANG_ENABLE_MODULES = YES;
				CLANG_ENABLE_OBJC_ARC = YES;
				CLANG_ENABLE_OBJC_WEAK = YES;
				CLANG_WARN_BLOCK_CAPTURE_AUTORELEASING = YES;
				CLANG_WARN_BOOL_CONVERSION = YES;
				CLANG_WARN_COMMA = YES;
				CLANG_WARN_CONSTANT_CONVERSION = YES;
				CLANG_WARN_DEPRECATED_OBJC_IMPLEMENTATIONS = YES;
				CLANG_WARN_DIRECT_OBJC_ISA_USAGE = YES_ERROR;
				CLANG_WARN_DOCUMENTATION_COMMENTS = YES;
				CLANG_WARN_EMPTY_BODY = YES;
				CLANG_WARN_ENUM_CONVERSION = YES;
				CLANG_WARN_INFINITE_RECURSION = YES;
				CLANG_WARN_INT_CONVERSION = YES;
				CLANG_WARN_NON_LITERAL_NULL_CONVERSION = YES;
				CLANG_WARN_OBJC_IMPLICIT_RETAIN_SELF = YES;
				CLANG_WARN_OBJC_LITERAL_CONVERSION = YES;
				CLANG_WARN_OBJC_ROOT_CLASS = YES_ERROR;
				CLANG_WARN_QUOTED_INCLUDE_IN_FRAMEWORK_HEADER = YES;
				CLANG_WARN_RANGE_LOOP_ANALYSIS = YES;
				CLANG_WARN_STRICT_PROTOTYPES = YES;
				CLANG_WARN_SUSPICIOUS_MOVE = YES;
				CLANG_WARN_UNGUARDED_AVAILABILITY = YES_AGGRESSIVE;
				CLANG_WARN_UNREACHABLE_CODE = YES;
				CLANG_WARN__DUPLICATE_METHOD_MATCH = YES;
				COPY_PHASE_STRIP = NO;
				DEBUG_INFORMATION_FORMAT = "dwarf-with-dsym";
				ENABLE_NS_ASSERTIONS = NO;
				ENABLE_STRICT_OBJC_MSGSEND = YES;
				GCC_C_LANGUAGE_STANDARD = gnu11;
				GCC_NO_COMMON_BLOCKS = YES;
				GCC_WARN_64_TO_32_BIT_CONVERSION = YES;
				GCC_WARN_ABOUT_RETURN_TYPE = YES_ERROR;
				GCC_WARN_UNDECLARED_SELECTOR = YES;
				GCC_WARN_UNINITIALIZED_AUTOS = YES_AGGRESSIVE;
				GCC_WARN_UNUSED_FUNCTION = YES;
				GCC_WARN_UNUSED_VARIABLE = YES;
				IPHONEOS_DEPLOYMENT_TARGET = 14.4;
				MTL_ENABLE_DEBUG_INFO = NO;
				MTL_FAST_MATH = YES;
				SDKROOT = iphoneos;
				SWIFT_COMPILATION_MODE = wholemodule;
				SWIFT_OPTIMIZATION_LEVEL = "-O";
				VALIDATE_PRODUCT = YES;
			};
			name = Release;
		};
		5C0AD7A527233E8400F731E2 /* Debug */ = {
			isa = XCBuildConfiguration;
			buildSettings = {
				ASSETCATALOG_COMPILER_APPICON_NAME = AppIcon;
				ASSETCATALOG_COMPILER_GLOBAL_ACCENT_COLOR_NAME = AccentColor;
				CODE_SIGN_STYLE = Automatic;
				DEVELOPMENT_TEAM = H97H33T5V6;
				INFOPLIST_FILE = MAPD714_Assignment1/Info.plist;
				LD_RUNPATH_SEARCH_PATHS = (
					"$(inherited)",
					"@executable_path/Frameworks",
				);
				PRODUCT_BUNDLE_IDENTIFIER = "centennial.MAPD714-Assignment1";
				PRODUCT_NAME = "$(TARGET_NAME)";
				SWIFT_VERSION = 5.0;
				TARGETED_DEVICE_FAMILY = "1,2";
			};
			name = Debug;
		};
		5C0AD7A627233E8400F731E2 /* Release */ = {
			isa = XCBuildConfiguration;
			buildSettings = {
				ASSETCATALOG_COMPILER_APPICON_NAME = AppIcon;
				ASSETCATALOG_COMPILER_GLOBAL_ACCENT_COLOR_NAME = AccentColor;
				CODE_SIGN_STYLE = Automatic;
				DEVELOPMENT_TEAM = H97H33T5V6;
				INFOPLIST_FILE = MAPD714_Assignment1/Info.plist;
				LD_RUNPATH_SEARCH_PATHS = (
					"$(inherited)",
					"@executable_path/Frameworks",
				);
				PRODUCT_BUNDLE_IDENTIFIER = "centennial.MAPD714-Assignment1";
				PRODUCT_NAME = "$(TARGET_NAME)";
				SWIFT_VERSION = 5.0;
				TARGETED_DEVICE_FAMILY = "1,2";
			};
			name = Release;
		};
		5C0AD7A827233E8400F731E2 /* Debug */ = {
			isa = XCBuildConfiguration;
			buildSettings = {
				ALWAYS_EMBED_SWIFT_STANDARD_LIBRARIES = YES;
				BUNDLE_LOADER = "$(TEST_HOST)";
				CODE_SIGN_STYLE = Automatic;
				DEVELOPMENT_TEAM = H97H33T5V6;
				INFOPLIST_FILE = MAPD714_Assignment1Tests/Info.plist;
				IPHONEOS_DEPLOYMENT_TARGET = 14.4;
				LD_RUNPATH_SEARCH_PATHS = (
					"$(inherited)",
					"@executable_path/Frameworks",
					"@loader_path/Frameworks",
				);
				PRODUCT_BUNDLE_IDENTIFIER = "centennial.MAPD714-Assignment1Tests";
				PRODUCT_NAME = "$(TARGET_NAME)";
				SWIFT_VERSION = 5.0;
				TARGETED_DEVICE_FAMILY = "1,2";
				TEST_HOST = "$(BUILT_PRODUCTS_DIR)/MAPD714_Assignment1.app/MAPD714_Assignment1";
			};
			name = Debug;
		};
		5C0AD7A927233E8400F731E2 /* Release */ = {
			isa = XCBuildConfiguration;
			buildSettings = {
				ALWAYS_EMBED_SWIFT_STANDARD_LIBRARIES = YES;
				BUNDLE_LOADER = "$(TEST_HOST)";
				CODE_SIGN_STYLE = Automatic;
				DEVELOPMENT_TEAM = H97H33T5V6;
				INFOPLIST_FILE = MAPD714_Assignment1Tests/Info.plist;
				IPHONEOS_DEPLOYMENT_TARGET = 14.4;
				LD_RUNPATH_SEARCH_PATHS = (
					"$(inherited)",
					"@executable_path/Frameworks",
					"@loader_path/Frameworks",
				);
				PRODUCT_BUNDLE_IDENTIFIER = "centennial.MAPD714-Assignment1Tests";
				PRODUCT_NAME = "$(TARGET_NAME)";
				SWIFT_VERSION = 5.0;
				TARGETED_DEVICE_FAMILY = "1,2";
				TEST_HOST = "$(BUILT_PRODUCTS_DIR)/MAPD714_Assignment1.app/MAPD714_Assignment1";
			};
			name = Release;
		};
		5C0AD7AB27233E8400F731E2 /* Debug */ = {
			isa = XCBuildConfiguration;
			buildSettings = {
				ALWAYS_EMBED_SWIFT_STANDARD_LIBRARIES = YES;
				CODE_SIGN_STYLE = Automatic;
				DEVELOPMENT_TEAM = H97H33T5V6;
				INFOPLIST_FILE = MAPD714_Assignment1UITests/Info.plist;
				LD_RUNPATH_SEARCH_PATHS = (
					"$(inherited)",
					"@executable_path/Frameworks",
					"@loader_path/Frameworks",
				);
				PRODUCT_BUNDLE_IDENTIFIER = "centennial.MAPD714-Assignment1UITests";
				PRODUCT_NAME = "$(TARGET_NAME)";
				SWIFT_VERSION = 5.0;
				TARGETED_DEVICE_FAMILY = "1,2";
				TEST_TARGET_NAME = MAPD714_Assignment1;
			};
			name = Debug;
		};
		5C0AD7AC27233E8400F731E2 /* Release */ = {
			isa = XCBuildConfiguration;
			buildSettings = {
				ALWAYS_EMBED_SWIFT_STANDARD_LIBRARIES = YES;
				CODE_SIGN_STYLE = Automatic;
				DEVELOPMENT_TEAM = H97H33T5V6;
				INFOPLIST_FILE = MAPD714_Assignment1UITests/Info.plist;
				LD_RUNPATH_SEARCH_PATHS = (
					"$(inherited)",
					"@executable_path/Frameworks",
					"@loader_path/Frameworks",
				);
				PRODUCT_BUNDLE_IDENTIFIER = "centennial.MAPD714-Assignment1UITests";
				PRODUCT_NAME = "$(TARGET_NAME)";
				SWIFT_VERSION = 5.0;
				TARGETED_DEVICE_FAMILY = "1,2";
				TEST_TARGET_NAME = MAPD714_Assignment1;
			};
			name = Release;
		};
/* End XCBuildConfiguration section */

/* Begin XCConfigurationList section */
		5C0AD77227233E8100F731E2 /* Build configuration list for PBXProject "MAPD714_Assignment1" */ = {
			isa = XCConfigurationList;
			buildConfigurations = (
				5C0AD7A227233E8400F731E2 /* Debug */,
				5C0AD7A327233E8400F731E2 /* Release */,
			);
			defaultConfigurationIsVisible = 0;
			defaultConfigurationName = Release;
		};
		5C0AD7A427233E8400F731E2 /* Build configuration list for PBXNativeTarget "MAPD714_Assignment1" */ = {
			isa = XCConfigurationList;
			buildConfigurations = (
				5C0AD7A527233E8400F731E2 /* Debug */,
				5C0AD7A627233E8400F731E2 /* Release */,
			);
			defaultConfigurationIsVisible = 0;
			defaultConfigurationName = Release;
		};
		5C0AD7A727233E8400F731E2 /* Build configuration list for PBXNativeTarget "MAPD714_Assignment1Tests" */ = {
			isa = XCConfigurationList;
			buildConfigurations = (
				5C0AD7A827233E8400F731E2 /* Debug */,
				5C0AD7A927233E8400F731E2 /* Release */,
			);
			defaultConfigurationIsVisible = 0;
			defaultConfigurationName = Release;
		};
		5C0AD7AA27233E8400F731E2 /* Build configuration list for PBXNativeTarget "MAPD714_Assignment1UITests" */ = {
			isa = XCConfigurationList;
			buildConfigurations = (
				5C0AD7AB27233E8400F731E2 /* Debug */,
				5C0AD7AC27233E8400F731E2 /* Release */,
			);
			defaultConfigurationIsVisible = 0;
			defaultConfigurationName = Release;
		};
/* End XCConfigurationList section */

/* Begin XCVersionGroup section */
		5C0AD78327233E8100F731E2 /* MAPD714_Assignment1.xcdatamodeld */ = {
			isa = XCVersionGroup;
			children = (
				5C0AD78427233E8100F731E2 /* MAPD714_Assignment1.xcdatamodel */,
			);
			currentVersion = 5C0AD78427233E8100F731E2 /* MAPD714_Assignment1.xcdatamodel */;
			path = MAPD714_Assignment1.xcdatamodeld;
			sourceTree = "<group>";
			versionGroupType = wrapper.xcdatamodel;
		};
/* End XCVersionGroup section */
	};
	rootObject = 5C0AD76F27233E8100F731E2 /* Project object */;
}
